
Microsoft Visual Studio Solution File, Format Version 12.00
# Visual Studio 15
VisualStudioVersion = 15.0.26730.16
MinimumVisualStudioVersion = 10.0.40219.1
Project("{9A19103F-16F7-4668-BE54-9A1E7A4F7556}") = "NetSnake", "NetSnake\NetSnake.csproj", "{D9AC2448-DF81-4DB5-A007-B86026D32850}"
EndProject
Project("{E53339B2-1760-4266-BCC7-CA923CBCF16C}") = "docker-compose", "docker-compose.dcproj", "{BA8FF688-99A0-46FC-8B7A-E81211BC2726}"
EndProject
Global
	GlobalSection(SolutionConfigurationPlatforms) = preSolution
		Debug|Any CPU = Debug|Any CPU
		Release|Any CPU = Release|Any CPU
	EndGlobalSection
	GlobalSection(ProjectConfigurationPlatforms) = postSolution
		{D9AC2448-DF81-4DB5-A007-B86026D32850}.Debug|Any CPU.ActiveCfg = Debug|Any CPU
		{D9AC2448-DF81-4DB5-A007-B86026D32850}.Debug|Any CPU.Build.0 = Debug|Any CPU
		{D9AC2448-DF81-4DB5-A007-B86026D32850}.Release|Any CPU.ActiveCfg = Release|Any CPU
		{D9AC2448-DF81-4DB5-A007-B86026D32850}.Release|Any CPU.Build.0 = Release|Any CPU
		{BA8FF688-99A0-46FC-8B7A-E81211BC2726}.Debug|Any CPU.ActiveCfg = Debug|Any CPU
		{BA8FF688-99A0-46FC-8B7A-E81211BC2726}.Debug|Any CPU.Build.0 = Debug|Any CPU
		{BA8FF688-99A0-46FC-8B7A-E81211BC2726}.Release|Any CPU.ActiveCfg = Release|Any CPU
		{BA8FF688-99A0-46FC-8B7A-E81211BC2726}.Release|Any CPU.Build.0 = Release|Any CPU
	EndGlobalSection
	GlobalSection(SolutionProperties) = preSolution
		HideSolutionNode = FALSE
	EndGlobalSection
	GlobalSection(ExtensibilityGlobals) = postSolution
		SolutionGuid = {EAEB1891-E79D-4D0D-A4BB-F4C130188D01}
	EndGlobalSection
EndGlobal
